# THIS IS AN AUTOGENERATED FILE. DO NOT EDIT THIS FILE DIRECTLY.
# yarn lockfile v1


n@4.1.0:
  version "4.1.0"
  resolved "https://registry.yarnpkg.com/n/-/n-4.1.0.tgz#016beaa84b9d454a56a17e29afbceeec54effd9b"
  integrity sha512-mxQCssMwxWKj5TIVfDJZgFpqs9sH02Y2QfMOx1g2M1c0SCTBOa6HDOb5KZvpY4SwhzpLXMrPFP+OzCc75FJK2g==
